
Microsoft Visual Studio Solution File, Format Version 12.00
# Visual Studio Version 17
VisualStudioVersion = 17.1.32328.378
MinimumVisualStudioVersion = 10.0.40219.1
Project("{FAE04EC0-301F-11D3-BF4B-00C04F79EFBC}") = "BeerUI", "BeerUI\BeerUI.csproj", "{197F00CC-95CF-4A0D-A30E-CF1363E138D1}"
EndProject
Project("{FAE04EC0-301F-11D3-BF4B-00C04F79EFBC}") = "BeerUI.Tests", "TestProject1\BeerUI.Tests.csproj", "{733DD564-9FAC-43D4-98DE-0CD0D1284F19}"
EndProject
Global
	GlobalSection(SolutionConfigurationPlatforms) = preSolution
		Debug|Any CPU = Debug|Any CPU
		Release|Any CPU = Release|Any CPU
	EndGlobalSection
	GlobalSection(ProjectConfigurationPlatforms) = postSolution
		{197F00CC-95CF-4A0D-A30E-CF1363E138D1}.Debug|Any CPU.ActiveCfg = Debug|Any CPU
		{197F00CC-95CF-4A0D-A30E-CF1363E138D1}.Debug|Any CPU.Build.0 = Debug|Any CPU
		{197F00CC-95CF-4A0D-A30E-CF1363E138D1}.Release|Any CPU.ActiveCfg = Release|Any CPU
		{197F00CC-95CF-4A0D-A30E-CF1363E138D1}.Release|Any CPU.Build.0 = Release|Any CPU
		{733DD564-9FAC-43D4-98DE-0CD0D1284F19}.Debug|Any CPU.ActiveCfg = Debug|Any CPU
		{733DD564-9FAC-43D4-98DE-0CD0D1284F19}.Debug|Any CPU.Build.0 = Debug|Any CPU
		{733DD564-9FAC-43D4-98DE-0CD0D1284F19}.Release|Any CPU.ActiveCfg = Release|Any CPU
		{733DD564-9FAC-43D4-98DE-0CD0D1284F19}.Release|Any CPU.Build.0 = Release|Any CPU
	EndGlobalSection
	GlobalSection(SolutionProperties) = preSolution
		HideSolutionNode = FALSE
	EndGlobalSection
	GlobalSection(ExtensibilityGlobals) = postSolution
		SolutionGuid = {4B22714F-1589-4BB7-AA0C-ACE89EB5CC39}
	EndGlobalSection
EndGlobal
